
Microsoft Visual Studio Solution File, Format Version 12.00
# Visual Studio Version 17
VisualStudioVersion = 17.8.34316.72
MinimumVisualStudioVersion = 10.0.40219.1
Project("{2150E333-8FDC-42A3-9474-1A3956D46DE8}") = "src", "src", "{F2FDB594-652D-4F69-A5A3-955512326004}"
EndProject
Project("{2150E333-8FDC-42A3-9474-1A3956D46DE8}") = "Services", "Services", "{D59548D6-C0FA-48C4-B5BE-C0BD2F980408}"
EndProject
Project("{2150E333-8FDC-42A3-9474-1A3956D46DE8}") = "User", "User", "{2415308F-54A8-411A-9C37-688EE5C27850}"
EndProject
Project("{2150E333-8FDC-42A3-9474-1A3956D46DE8}") = "Product", "Product", "{1283C7D0-C3EA-4FE2-9ABD-697A48469854}"
EndProject
Project("{2150E333-8FDC-42A3-9474-1A3956D46DE8}") = "Order", "Order", "{66699E8A-A92B-4049-B6CB-0FD222C7FF2B}"
EndProject
Project("{2150E333-8FDC-42A3-9474-1A3956D46DE8}") = "Cart", "Cart", "{7711F190-7452-42C8-8406-9E0A64BCB78C}"
EndProject
Project("{9A19103F-16F7-4668-BE54-9A1E7A4F7556}") = "User.Core", "LearnSmartCoding.SmartCartHub\src\Services\User\User.Core\User.Core.csproj", "{2EA255FE-17A8-4F48-BD0B-542CA5685BC2}"
EndProject
Project("{9A19103F-16F7-4668-BE54-9A1E7A4F7556}") = "User.Data", "LearnSmartCoding.SmartCartHub\src\Services\User\User.Data\User.Data.csproj", "{B56BC421-AFBB-4C32-8556-0AA4E5B0E83E}"
EndProject
Project("{9A19103F-16F7-4668-BE54-9A1E7A4F7556}") = "User.Service", "LearnSmartCoding.SmartCartHub\src\Services\User\User.Service\User.Service.csproj", "{7AFABD16-971D-45BA-825E-6A567AE419D2}"
EndProject
Project("{9A19103F-16F7-4668-BE54-9A1E7A4F7556}") = "User.Web", "LearnSmartCoding.SmartCartHub\src\Services\User\User.Web\User.Web.csproj", "{2986AF4C-CF6F-4EC8-90FA-21B1E13B441E}"
EndProject
Project("{FAE04EC0-301F-11D3-BF4B-00C04F79EFBC}") = "Carts.Web", "LearnSmartCoding.SmartCartHub\src\Services\Cart\Cart.Web\Carts.Web.csproj", "{15CB0226-E4C8-4BF8-B4F2-A9ABAC900322}"
EndProject
Project("{FAE04EC0-301F-11D3-BF4B-00C04F79EFBC}") = "Carts.Core", "LearnSmartCoding.SmartCartHub\src\Services\Cart\Cart.Core\Carts.Core.csproj", "{E414B9C8-E2C2-43C6-9FDE-02ABD1C2DBC6}"
EndProject
Project("{FAE04EC0-301F-11D3-BF4B-00C04F79EFBC}") = "Carts.Service", "LearnSmartCoding.SmartCartHub\src\Services\Cart\Cart.Service\Carts.Service.csproj", "{4224F208-B65F-4EE5-87CC-5CDA2DA0C74E}"
EndProject
Project("{FAE04EC0-301F-11D3-BF4B-00C04F79EFBC}") = "Carts.Data", "LearnSmartCoding.SmartCartHub\src\Services\Cart\Cart.Data\Carts.Data.csproj", "{CA038AEA-9770-49FF-A0AC-1CF65E88901A}"
EndProject
Project("{FAE04EC0-301F-11D3-BF4B-00C04F79EFBC}") = "Products.Web", "LearnSmartCoding.SmartCartHub\src\Services\Product\Product.Web\Products.Web.csproj", "{E20CC828-6E74-4880-AC4C-1205EE6CDFD5}"
EndProject
Project("{FAE04EC0-301F-11D3-BF4B-00C04F79EFBC}") = "Products.Core", "LearnSmartCoding.SmartCartHub\src\Services\Product\Products.Core\Products.Core.csproj", "{57205F25-351D-4944-AED0-AD10BE04E0BD}"
EndProject
Project("{FAE04EC0-301F-11D3-BF4B-00C04F79EFBC}") = "Products.Service", "LearnSmartCoding.SmartCartHub\src\Services\Product\Products.Service\Products.Service.csproj", "{A4317A33-4815-427B-A390-B1C960E43F7F}"
EndProject
Project("{FAE04EC0-301F-11D3-BF4B-00C04F79EFBC}") = "Products.Data", "LearnSmartCoding.SmartCartHub\src\Services\Product\Products.Data\Products.Data.csproj", "{84205445-03FD-4C9B-8607-B2AB1B5AF0E1}"
EndProject
Project("{FAE04EC0-301F-11D3-BF4B-00C04F79EFBC}") = "Orders.Web", "LearnSmartCoding.SmartCartHub\src\Services\Order\Orders.Web\Orders.Web.csproj", "{9963FDCD-C891-4EC5-B5CF-95ABC8FF42A9}"
EndProject
Project("{FAE04EC0-301F-11D3-BF4B-00C04F79EFBC}") = "Orders.Core", "LearnSmartCoding.SmartCartHub\src\Services\Order\Orders.Core\Orders.Core.csproj", "{BEAA83A5-031A-46D5-BC4A-D1282551063C}"
EndProject
Project("{FAE04EC0-301F-11D3-BF4B-00C04F79EFBC}") = "Orders.Service", "LearnSmartCoding.SmartCartHub\src\Services\Order\Orders.Service\Orders.Service.csproj", "{D72807A3-861D-4EB9-A963-81ED9C2CB0E8}"
EndProject
Project("{FAE04EC0-301F-11D3-BF4B-00C04F79EFBC}") = "Orders.Data", "LearnSmartCoding.SmartCartHub\src\Services\Order\Orders.Data\Orders.Data.csproj", "{6401D755-5095-4328-8615-A06838E7D636}"
EndProject
Global
	GlobalSection(SolutionConfigurationPlatforms) = preSolution
		Debug|Any CPU = Debug|Any CPU
		Release|Any CPU = Release|Any CPU
	EndGlobalSection
	GlobalSection(ProjectConfigurationPlatforms) = postSolution
		{2EA255FE-17A8-4F48-BD0B-542CA5685BC2}.Debug|Any CPU.ActiveCfg = Debug|Any CPU
		{2EA255FE-17A8-4F48-BD0B-542CA5685BC2}.Debug|Any CPU.Build.0 = Debug|Any CPU
		{2EA255FE-17A8-4F48-BD0B-542CA5685BC2}.Release|Any CPU.ActiveCfg = Release|Any CPU
		{2EA255FE-17A8-4F48-BD0B-542CA5685BC2}.Release|Any CPU.Build.0 = Release|Any CPU
		{B56BC421-AFBB-4C32-8556-0AA4E5B0E83E}.Debug|Any CPU.ActiveCfg = Debug|Any CPU
		{B56BC421-AFBB-4C32-8556-0AA4E5B0E83E}.Debug|Any CPU.Build.0 = Debug|Any CPU
		{B56BC421-AFBB-4C32-8556-0AA4E5B0E83E}.Release|Any CPU.ActiveCfg = Release|Any CPU
		{B56BC421-AFBB-4C32-8556-0AA4E5B0E83E}.Release|Any CPU.Build.0 = Release|Any CPU
		{7AFABD16-971D-45BA-825E-6A567AE419D2}.Debug|Any CPU.ActiveCfg = Debug|Any CPU
		{7AFABD16-971D-45BA-825E-6A567AE419D2}.Debug|Any CPU.Build.0 = Debug|Any CPU
		{7AFABD16-971D-45BA-825E-6A567AE419D2}.Release|Any CPU.ActiveCfg = Release|Any CPU
		{7AFABD16-971D-45BA-825E-6A567AE419D2}.Release|Any CPU.Build.0 = Release|Any CPU
		{2986AF4C-CF6F-4EC8-90FA-21B1E13B441E}.Debug|Any CPU.ActiveCfg = Debug|Any CPU
		{2986AF4C-CF6F-4EC8-90FA-21B1E13B441E}.Debug|Any CPU.Build.0 = Debug|Any CPU
		{2986AF4C-CF6F-4EC8-90FA-21B1E13B441E}.Release|Any CPU.ActiveCfg = Release|Any CPU
		{2986AF4C-CF6F-4EC8-90FA-21B1E13B441E}.Release|Any CPU.Build.0 = Release|Any CPU
		{15CB0226-E4C8-4BF8-B4F2-A9ABAC900322}.Debug|Any CPU.ActiveCfg = Debug|Any CPU
		{15CB0226-E4C8-4BF8-B4F2-A9ABAC900322}.Debug|Any CPU.Build.0 = Debug|Any CPU
		{15CB0226-E4C8-4BF8-B4F2-A9ABAC900322}.Release|Any CPU.ActiveCfg = Release|Any CPU
		{15CB0226-E4C8-4BF8-B4F2-A9ABAC900322}.Release|Any CPU.Build.0 = Release|Any CPU
		{E414B9C8-E2C2-43C6-9FDE-02ABD1C2DBC6}.Debug|Any CPU.ActiveCfg = Debug|Any CPU
		{E414B9C8-E2C2-43C6-9FDE-02ABD1C2DBC6}.Debug|Any CPU.Build.0 = Debug|Any CPU
		{E414B9C8-E2C2-43C6-9FDE-02ABD1C2DBC6}.Release|Any CPU.ActiveCfg = Release|Any CPU
		{E414B9C8-E2C2-43C6-9FDE-02ABD1C2DBC6}.Release|Any CPU.Build.0 = Release|Any CPU
		{4224F208-B65F-4EE5-87CC-5CDA2DA0C74E}.Debug|Any CPU.ActiveCfg = Debug|Any CPU
		{4224F208-B65F-4EE5-87CC-5CDA2DA0C74E}.Debug|Any CPU.Build.0 = Debug|Any CPU
		{4224F208-B65F-4EE5-87CC-5CDA2DA0C74E}.Release|Any CPU.ActiveCfg = Release|Any CPU
		{4224F208-B65F-4EE5-87CC-5CDA2DA0C74E}.Release|Any CPU.Build.0 = Release|Any CPU
		{CA038AEA-9770-49FF-A0AC-1CF65E88901A}.Debug|Any CPU.ActiveCfg = Debug|Any CPU
		{CA038AEA-9770-49FF-A0AC-1CF65E88901A}.Debug|Any CPU.Build.0 = Debug|Any CPU
		{CA038AEA-9770-49FF-A0AC-1CF65E88901A}.Release|Any CPU.ActiveCfg = Release|Any CPU
		{CA038AEA-9770-49FF-A0AC-1CF65E88901A}.Release|Any CPU.Build.0 = Release|Any CPU
		{E20CC828-6E74-4880-AC4C-1205EE6CDFD5}.Debug|Any CPU.ActiveCfg = Debug|Any CPU
		{E20CC828-6E74-4880-AC4C-1205EE6CDFD5}.Debug|Any CPU.Build.0 = Debug|Any CPU
		{E20CC828-6E74-4880-AC4C-1205EE6CDFD5}.Release|Any CPU.ActiveCfg = Release|Any CPU
		{E20CC828-6E74-4880-AC4C-1205EE6CDFD5}.Release|Any CPU.Build.0 = Release|Any CPU
		{57205F25-351D-4944-AED0-AD10BE04E0BD}.Debug|Any CPU.ActiveCfg = Debug|Any CPU
		{57205F25-351D-4944-AED0-AD10BE04E0BD}.Debug|Any CPU.Build.0 = Debug|Any CPU
		{57205F25-351D-4944-AED0-AD10BE04E0BD}.Release|Any CPU.ActiveCfg = Release|Any CPU
		{57205F25-351D-4944-AED0-AD10BE04E0BD}.Release|Any CPU.Build.0 = Release|Any CPU
		{A4317A33-4815-427B-A390-B1C960E43F7F}.Debug|Any CPU.ActiveCfg = Debug|Any CPU
		{A4317A33-4815-427B-A390-B1C960E43F7F}.Debug|Any CPU.Build.0 = Debug|Any CPU
		{A4317A33-4815-427B-A390-B1C960E43F7F}.Release|Any CPU.ActiveCfg = Release|Any CPU
		{A4317A33-4815-427B-A390-B1C960E43F7F}.Release|Any CPU.Build.0 = Release|Any CPU
		{84205445-03FD-4C9B-8607-B2AB1B5AF0E1}.Debug|Any CPU.ActiveCfg = Debug|Any CPU
		{84205445-03FD-4C9B-8607-B2AB1B5AF0E1}.Debug|Any CPU.Build.0 = Debug|Any CPU
		{84205445-03FD-4C9B-8607-B2AB1B5AF0E1}.Release|Any CPU.ActiveCfg = Release|Any CPU
		{84205445-03FD-4C9B-8607-B2AB1B5AF0E1}.Release|Any CPU.Build.0 = Release|Any CPU
		{9963FDCD-C891-4EC5-B5CF-95ABC8FF42A9}.Debug|Any CPU.ActiveCfg = Debug|Any CPU
		{9963FDCD-C891-4EC5-B5CF-95ABC8FF42A9}.Debug|Any CPU.Build.0 = Debug|Any CPU
		{9963FDCD-C891-4EC5-B5CF-95ABC8FF42A9}.Release|Any CPU.ActiveCfg = Release|Any CPU
		{9963FDCD-C891-4EC5-B5CF-95ABC8FF42A9}.Release|Any CPU.Build.0 = Release|Any CPU
		{BEAA83A5-031A-46D5-BC4A-D1282551063C}.Debug|Any CPU.ActiveCfg = Debug|Any CPU
		{BEAA83A5-031A-46D5-BC4A-D1282551063C}.Debug|Any CPU.Build.0 = Debug|Any CPU
		{BEAA83A5-031A-46D5-BC4A-D1282551063C}.Release|Any CPU.ActiveCfg = Release|Any CPU
		{BEAA83A5-031A-46D5-BC4A-D1282551063C}.Release|Any CPU.Build.0 = Release|Any CPU
		{D72807A3-861D-4EB9-A963-81ED9C2CB0E8}.Debug|Any CPU.ActiveCfg = Debug|Any CPU
		{D72807A3-861D-4EB9-A963-81ED9C2CB0E8}.Debug|Any CPU.Build.0 = Debug|Any CPU
		{D72807A3-861D-4EB9-A963-81ED9C2CB0E8}.Release|Any CPU.ActiveCfg = Release|Any CPU
		{D72807A3-861D-4EB9-A963-81ED9C2CB0E8}.Release|Any CPU.Build.0 = Release|Any CPU
		{6401D755-5095-4328-8615-A06838E7D636}.Debug|Any CPU.ActiveCfg = Debug|Any CPU
		{6401D755-5095-4328-8615-A06838E7D636}.Debug|Any CPU.Build.0 = Debug|Any CPU
		{6401D755-5095-4328-8615-A06838E7D636}.Release|Any CPU.ActiveCfg = Release|Any CPU
		{6401D755-5095-4328-8615-A06838E7D636}.Release|Any CPU.Build.0 = Release|Any CPU
	EndGlobalSection
	GlobalSection(SolutionProperties) = preSolution
		HideSolutionNode = FALSE
	EndGlobalSection
	GlobalSection(NestedProjects) = preSolution
		{D59548D6-C0FA-48C4-B5BE-C0BD2F980408} = {F2FDB594-652D-4F69-A5A3-955512326004}
		{2415308F-54A8-411A-9C37-688EE5C27850} = {D59548D6-C0FA-48C4-B5BE-C0BD2F980408}
		{1283C7D0-C3EA-4FE2-9ABD-697A48469854} = {D59548D6-C0FA-48C4-B5BE-C0BD2F980408}
		{66699E8A-A92B-4049-B6CB-0FD222C7FF2B} = {D59548D6-C0FA-48C4-B5BE-C0BD2F980408}
		{7711F190-7452-42C8-8406-9E0A64BCB78C} = {D59548D6-C0FA-48C4-B5BE-C0BD2F980408}
		{2EA255FE-17A8-4F48-BD0B-542CA5685BC2} = {2415308F-54A8-411A-9C37-688EE5C27850}
		{B56BC421-AFBB-4C32-8556-0AA4E5B0E83E} = {2415308F-54A8-411A-9C37-688EE5C27850}
		{7AFABD16-971D-45BA-825E-6A567AE419D2} = {2415308F-54A8-411A-9C37-688EE5C27850}
		{2986AF4C-CF6F-4EC8-90FA-21B1E13B441E} = {2415308F-54A8-411A-9C37-688EE5C27850}
		{15CB0226-E4C8-4BF8-B4F2-A9ABAC900322} = {7711F190-7452-42C8-8406-9E0A64BCB78C}
		{E414B9C8-E2C2-43C6-9FDE-02ABD1C2DBC6} = {7711F190-7452-42C8-8406-9E0A64BCB78C}
		{4224F208-B65F-4EE5-87CC-5CDA2DA0C74E} = {7711F190-7452-42C8-8406-9E0A64BCB78C}
		{CA038AEA-9770-49FF-A0AC-1CF65E88901A} = {7711F190-7452-42C8-8406-9E0A64BCB78C}
		{E20CC828-6E74-4880-AC4C-1205EE6CDFD5} = {1283C7D0-C3EA-4FE2-9ABD-697A48469854}
		{57205F25-351D-4944-AED0-AD10BE04E0BD} = {1283C7D0-C3EA-4FE2-9ABD-697A48469854}
		{A4317A33-4815-427B-A390-B1C960E43F7F} = {1283C7D0-C3EA-4FE2-9ABD-697A48469854}
		{84205445-03FD-4C9B-8607-B2AB1B5AF0E1} = {1283C7D0-C3EA-4FE2-9ABD-697A48469854}
		{9963FDCD-C891-4EC5-B5CF-95ABC8FF42A9} = {66699E8A-A92B-4049-B6CB-0FD222C7FF2B}
		{BEAA83A5-031A-46D5-BC4A-D1282551063C} = {66699E8A-A92B-4049-B6CB-0FD222C7FF2B}
		{D72807A3-861D-4EB9-A963-81ED9C2CB0E8} = {66699E8A-A92B-4049-B6CB-0FD222C7FF2B}
		{6401D755-5095-4328-8615-A06838E7D636} = {66699E8A-A92B-4049-B6CB-0FD222C7FF2B}
	EndGlobalSection
	GlobalSection(ExtensibilityGlobals) = postSolution
		SolutionGuid = {F96521B6-C05E-4830-8071-03D47B8B8E5B}
	EndGlobalSection
EndGlobal
